// !$*UTF8*$!
{
	archiveVersion = 1;
	classes = {
	};
	objectVersion = 50;
	objects = {

/* Begin PBXBuildFile section */
		888CD73921EAA65F009CD49F /* AppDelegate.swift in Sources */ = {isa = PBXBuildFile; fileRef = 888CD73821EAA65F009CD49F /* AppDelegate.swift */; };
		888CD73B21EAA65F009CD49F /* SpacesViewController.swift in Sources */ = {isa = PBXBuildFile; fileRef = 888CD73A21EAA65F009CD49F /* SpacesViewController.swift */; };
		888CD73D21EAA65F009CD49F /* MapViewController.swift in Sources */ = {isa = PBXBuildFile; fileRef = 888CD73C21EAA65F009CD49F /* MapViewController.swift */; };
		888CD74021EAA65F009CD49F /* Main.storyboard in Resources */ = {isa = PBXBuildFile; fileRef = 888CD73E21EAA65F009CD49F /* Main.storyboard */; };
		888CD74221EAA660009CD49F /* Assets.xcassets in Resources */ = {isa = PBXBuildFile; fileRef = 888CD74121EAA660009CD49F /* Assets.xcassets */; };
		888CD74521EAA660009CD49F /* LaunchScreen.storyboard in Resources */ = {isa = PBXBuildFile; fileRef = 888CD74321EAA660009CD49F /* LaunchScreen.storyboard */; };
		888CD75021EAA661009CD49F /* StudyBudsTests.swift in Sources */ = {isa = PBXBuildFile; fileRef = 888CD74F21EAA661009CD49F /* StudyBudsTests.swift */; };
		888CD75B21EAA661009CD49F /* StudyBudsUITests.swift in Sources */ = {isa = PBXBuildFile; fileRef = 888CD75A21EAA661009CD49F /* StudyBudsUITests.swift */; };
		888CD76B21EAADB8009CD49F /* SettingsViewController.swift in Sources */ = {isa = PBXBuildFile; fileRef = 888CD76A21EAADB8009CD49F /* SettingsViewController.swift */; };
		889CBFB921EBEC37005E88F6 /* DetailsViewController.swift in Sources */ = {isa = PBXBuildFile; fileRef = 889CBFB821EBEC37005E88F6 /* DetailsViewController.swift */; };
		88BE754F21EB743A003313EB /* GroupData.swift in Sources */ = {isa = PBXBuildFile; fileRef = 88BE754E21EB743A003313EB /* GroupData.swift */; };
		88BE755121EB832D003313EB /* GroupCellView.swift in Sources */ = {isa = PBXBuildFile; fileRef = 88BE755021EB832D003313EB /* GroupCellView.swift */; };
		88FF3B0B21EABF06001967D9 /* NewRoomViewController.swift in Sources */ = {isa = PBXBuildFile; fileRef = 88FF3B0A21EABF06001967D9 /* NewRoomViewController.swift */; };
		88FF3B0D21EAD547001967D9 /* MapKit.framework in Frameworks */ = {isa = PBXBuildFile; fileRef = 88FF3B0C21EAD547001967D9 /* MapKit.framework */; };
/* End PBXBuildFile section */

/* Begin PBXContainerItemProxy section */
		888CD74C21EAA661009CD49F /* PBXContainerItemProxy */ = {
			isa = PBXContainerItemProxy;
			containerPortal = 888CD72D21EAA65F009CD49F /* Project object */;
			proxyType = 1;
			remoteGlobalIDString = 888CD73421EAA65F009CD49F;
			remoteInfo = StudyBuds;
		};
		888CD75721EAA661009CD49F /* PBXContainerItemProxy */ = {
			isa = PBXContainerItemProxy;
			containerPortal = 888CD72D21EAA65F009CD49F /* Project object */;
			proxyType = 1;
			remoteGlobalIDString = 888CD73421EAA65F009CD49F;
			remoteInfo = StudyBuds;
		};
/* End PBXContainerItemProxy section */

/* Begin PBXFileReference section */
		888CD73521EAA65F009CD49F /* StudyBuds.app */ = {isa = PBXFileReference; explicitFileType = wrapper.application; includeInIndex = 0; path = StudyBuds.app; sourceTree = BUILT_PRODUCTS_DIR; };
		888CD73821EAA65F009CD49F /* AppDelegate.swift */ = {isa = PBXFileReference; lastKnownFileType = sourcecode.swift; path = AppDelegate.swift; sourceTree = "<group>"; };
		888CD73A21EAA65F009CD49F /* SpacesViewController.swift */ = {isa = PBXFileReference; lastKnownFileType = sourcecode.swift; path = SpacesViewController.swift; sourceTree = "<group>"; };
		888CD73C21EAA65F009CD49F /* MapViewController.swift */ = {isa = PBXFileReference; lastKnownFileType = sourcecode.swift; path = MapViewController.swift; sourceTree = "<group>"; };
		888CD73F21EAA65F009CD49F /* Base */ = {isa = PBXFileReference; lastKnownFileType = file.storyboard; name = Base; path = Base.lproj/Main.storyboard; sourceTree = "<group>"; };
		888CD74121EAA660009CD49F /* Assets.xcassets */ = {isa = PBXFileReference; lastKnownFileType = folder.assetcatalog; path = Assets.xcassets; sourceTree = "<group>"; };
		888CD74421EAA660009CD49F /* Base */ = {isa = PBXFileReference; lastKnownFileType = file.storyboard; name = Base; path = Base.lproj/LaunchScreen.storyboard; sourceTree = "<group>"; };
		888CD74621EAA660009CD49F /* Info.plist */ = {isa = PBXFileReference; lastKnownFileType = text.plist.xml; path = Info.plist; sourceTree = "<group>"; };
		888CD74B21EAA661009CD49F /* StudyBudsTests.xctest */ = {isa = PBXFileReference; explicitFileType = wrapper.cfbundle; includeInIndex = 0; path = StudyBudsTests.xctest; sourceTree = BUILT_PRODUCTS_DIR; };
		888CD74F21EAA661009CD49F /* StudyBudsTests.swift */ = {isa = PBXFileReference; lastKnownFileType = sourcecode.swift; path = StudyBudsTests.swift; sourceTree = "<group>"; };
		888CD75121EAA661009CD49F /* Info.plist */ = {isa = PBXFileReference; lastKnownFileType = text.plist.xml; path = Info.plist; sourceTree = "<group>"; };
		888CD75621EAA661009CD49F /* StudyBudsUITests.xctest */ = {isa = PBXFileReference; explicitFileType = wrapper.cfbundle; includeInIndex = 0; path = StudyBudsUITests.xctest; sourceTree = BUILT_PRODUCTS_DIR; };
		888CD75A21EAA661009CD49F /* StudyBudsUITests.swift */ = {isa = PBXFileReference; lastKnownFileType = sourcecode.swift; path = StudyBudsUITests.swift; sourceTree = "<group>"; };
		888CD75C21EAA661009CD49F /* Info.plist */ = {isa = PBXFileReference; lastKnownFileType = text.plist.xml; path = Info.plist; sourceTree = "<group>"; };
		888CD76A21EAADB8009CD49F /* SettingsViewController.swift */ = {isa = PBXFileReference; lastKnownFileType = sourcecode.swift; path = SettingsViewController.swift; sourceTree = "<group>"; };
		889CBFB821EBEC37005E88F6 /* DetailsViewController.swift */ = {isa = PBXFileReference; lastKnownFileType = sourcecode.swift; path = DetailsViewController.swift; sourceTree = "<group>"; };
		88BE754E21EB743A003313EB /* GroupData.swift */ = {isa = PBXFileReference; lastKnownFileType = sourcecode.swift; path = GroupData.swift; sourceTree = "<group>"; };
		88BE755021EB832D003313EB /* GroupCellView.swift */ = {isa = PBXFileReference; lastKnownFileType = sourcecode.swift; path = GroupCellView.swift; sourceTree = "<group>"; };
		88FF3B0A21EABF06001967D9 /* NewRoomViewController.swift */ = {isa = PBXFileReference; lastKnownFileType = sourcecode.swift; path = NewRoomViewController.swift; sourceTree = "<group>"; };
		88FF3B0C21EAD547001967D9 /* MapKit.framework */ = {isa = PBXFileReference; lastKnownFileType = wrapper.framework; name = MapKit.framework; path = System/Library/Frameworks/MapKit.framework; sourceTree = SDKROOT; };
/* End PBXFileReference section */

/* Begin PBXFrameworksBuildPhase section */
		888CD73221EAA65F009CD49F /* Frameworks */ = {
			isa = PBXFrameworksBuildPhase;
			buildActionMask = 2147483647;
			files = (
				88FF3B0D21EAD547001967D9 /* MapKit.framework in Frameworks */,
			);
			runOnlyForDeploymentPostprocessing = 0;
		};
		888CD74821EAA661009CD49F /* Frameworks */ = {
			isa = PBXFrameworksBuildPhase;
			buildActionMask = 2147483647;
			files = (
			);
			runOnlyForDeploymentPostprocessing = 0;
		};
		888CD75321EAA661009CD49F /* Frameworks */ = {
			isa = PBXFrameworksBuildPhase;
			buildActionMask = 2147483647;
			files = (
			);
			runOnlyForDeploymentPostprocessing = 0;
		};
/* End PBXFrameworksBuildPhase section */

/* Begin PBXGroup section */
		888CD72C21EAA65F009CD49F = {
			isa = PBXGroup;
			children = (
				888CD73721EAA65F009CD49F /* StudyBuds */,
				888CD74E21EAA661009CD49F /* StudyBudsTests */,
				888CD75921EAA661009CD49F /* StudyBudsUITests */,
				888CD73621EAA65F009CD49F /* Products */,
				888CD76C21EAB975009CD49F /* Frameworks */,
			);
			sourceTree = "<group>";
		};
		888CD73621EAA65F009CD49F /* Products */ = {
			isa = PBXGroup;
			children = (
				888CD73521EAA65F009CD49F /* StudyBuds.app */,
				888CD74B21EAA661009CD49F /* StudyBudsTests.xctest */,
				888CD75621EAA661009CD49F /* StudyBudsUITests.xctest */,
			);
			name = Products;
			sourceTree = "<group>";
		};
		888CD73721EAA65F009CD49F /* StudyBuds */ = {
			isa = PBXGroup;
			children = (
				888CD73821EAA65F009CD49F /* AppDelegate.swift */,
				888CD73A21EAA65F009CD49F /* SpacesViewController.swift */,
				888CD73C21EAA65F009CD49F /* MapViewController.swift */,
				888CD76A21EAADB8009CD49F /* SettingsViewController.swift */,
				88FF3B0A21EABF06001967D9 /* NewRoomViewController.swift */,
				888CD73E21EAA65F009CD49F /* Main.storyboard */,
				889CBFB821EBEC37005E88F6 /* DetailsViewController.swift */,
				88BE754E21EB743A003313EB /* GroupData.swift */,
				88BE755021EB832D003313EB /* GroupCellView.swift */,
				888CD74121EAA660009CD49F /* Assets.xcassets */,
				888CD74321EAA660009CD49F /* LaunchScreen.storyboard */,
				888CD74621EAA660009CD49F /* Info.plist */,
			);
			path = StudyBuds;
			sourceTree = "<group>";
		};
		888CD74E21EAA661009CD49F /* StudyBudsTests */ = {
			isa = PBXGroup;
			children = (
				888CD74F21EAA661009CD49F /* StudyBudsTests.swift */,
				888CD75121EAA661009CD49F /* Info.plist */,
			);
			path = StudyBudsTests;
			sourceTree = "<group>";
		};
		888CD75921EAA661009CD49F /* StudyBudsUITests */ = {
			isa = PBXGroup;
			children = (
				888CD75A21EAA661009CD49F /* StudyBudsUITests.swift */,
				888CD75C21EAA661009CD49F /* Info.plist */,
			);
			path = StudyBudsUITests;
			sourceTree = "<group>";
		};
		888CD76C21EAB975009CD49F /* Frameworks */ = {
			isa = PBXGroup;
			children = (
				88FF3B0C21EAD547001967D9 /* MapKit.framework */,
			);
			name = Frameworks;
			sourceTree = "<group>";
		};
/* End PBXGroup section */

/* Begin PBXNativeTarget section */
		888CD73421EAA65F009CD49F /* StudyBuds */ = {
			isa = PBXNativeTarget;
			buildConfigurationList = 888CD75F21EAA661009CD49F /* Build configuration list for PBXNativeTarget "StudyBuds" */;
			buildPhases = (
				888CD73121EAA65F009CD49F /* Sources */,
				888CD73221EAA65F009CD49F /* Frameworks */,
				888CD73321EAA65F009CD49F /* Resources */,
			);
			buildRules = (
			);
			dependencies = (
			);
			name = StudyBuds;
			productName = StudyBuds;
			productReference = 888CD73521EAA65F009CD49F /* StudyBuds.app */;
			productType = "com.apple.product-type.application";
		};
		888CD74A21EAA661009CD49F /* StudyBudsTests */ = {
			isa = PBXNativeTarget;
			buildConfigurationList = 888CD76221EAA661009CD49F /* Build configuration list for PBXNativeTarget "StudyBudsTests" */;
			buildPhases = (
				888CD74721EAA661009CD49F /* Sources */,
				888CD74821EAA661009CD49F /* Frameworks */,
				888CD74921EAA661009CD49F /* Resources */,
			);
			buildRules = (
			);
			dependencies = (
				888CD74D21EAA661009CD49F /* PBXTargetDependency */,
			);
			name = StudyBudsTests;
			productName = StudyBudsTests;
			productReference = 888CD74B21EAA661009CD49F /* StudyBudsTests.xctest */;
			productType = "com.apple.product-type.bundle.unit-test";
		};
		888CD75521EAA661009CD49F /* StudyBudsUITests */ = {
			isa = PBXNativeTarget;
			buildConfigurationList = 888CD76521EAA661009CD49F /* Build configuration list for PBXNativeTarget "StudyBudsUITests" */;
			buildPhases = (
				888CD75221EAA661009CD49F /* Sources */,
				888CD75321EAA661009CD49F /* Frameworks */,
				888CD75421EAA661009CD49F /* Resources */,
			);
			buildRules = (
			);
			dependencies = (
				888CD75821EAA661009CD49F /* PBXTargetDependency */,
			);
			name = StudyBudsUITests;
			productName = StudyBudsUITests;
			productReference = 888CD75621EAA661009CD49F /* StudyBudsUITests.xctest */;
			productType = "com.apple.product-type.bundle.ui-testing";
		};
/* End PBXNativeTarget section */

/* Begin PBXProject section */
		888CD72D21EAA65F009CD49F /* Project object */ = {
			isa = PBXProject;
			attributes = {
				LastSwiftUpdateCheck = 1010;
				LastUpgradeCheck = 1010;
				ORGANIZATIONNAME = "Youssef Mikhail";
				TargetAttributes = {
					888CD73421EAA65F009CD49F = {
						CreatedOnToolsVersion = 10.1;
						SystemCapabilities = {
							com.apple.Maps.iOS = {
								enabled = 1;
							};
						};
					};
					888CD74A21EAA661009CD49F = {
						CreatedOnToolsVersion = 10.1;
						TestTargetID = 888CD73421EAA65F009CD49F;
					};
					888CD75521EAA661009CD49F = {
						CreatedOnToolsVersion = 10.1;
						TestTargetID = 888CD73421EAA65F009CD49F;
					};
				};
			};
			buildConfigurationList = 888CD73021EAA65F009CD49F /* Build configuration list for PBXProject "StudyBuds" */;
			compatibilityVersion = "Xcode 9.3";
			developmentRegion = en;
			hasScannedForEncodings = 0;
			knownRegions = (
				en,
				Base,
			);
			mainGroup = 888CD72C21EAA65F009CD49F;
			productRefGroup = 888CD73621EAA65F009CD49F /* Products */;
			projectDirPath = "";
			projectRoot = "";
			targets = (
				888CD73421EAA65F009CD49F /* StudyBuds */,
				888CD74A21EAA661009CD49F /* StudyBudsTests */,
				888CD75521EAA661009CD49F /* StudyBudsUITests */,
			);
		};
/* End PBXProject section */

/* Begin PBXResourcesBuildPhase section */
		888CD73321EAA65F009CD49F /* Resources */ = {
			isa = PBXResourcesBuildPhase;
			buildActionMask = 2147483647;
			files = (
				888CD74521EAA660009CD49F /* LaunchScreen.storyboard in Resources */,
				888CD74221EAA660009CD49F /* Assets.xcassets in Resources */,
				888CD74021EAA65F009CD49F /* Main.storyboard in Resources */,
			);
			runOnlyForDeploymentPostprocessing = 0;
		};
		888CD74921EAA661009CD49F /* Resources */ = {
			isa = PBXResourcesBuildPhase;
			buildActionMask = 2147483647;
			files = (
			);
			runOnlyForDeploymentPostprocessing = 0;
		};
		888CD75421EAA661009CD49F /* Resources */ = {
			isa = PBXResourcesBuildPhase;
			buildActionMask = 2147483647;
			files = (
			);
			runOnlyForDeploymentPostprocessing = 0;
		};
/* End PBXResourcesBuildPhase section */

/* Begin PBXSourcesBuildPhase section */
		888CD73121EAA65F009CD49F /* Sources */ = {
			isa = PBXSourcesBuildPhase;
			buildActionMask = 2147483647;
			files = (
				88BE755121EB832D003313EB /* GroupCellView.swift in Sources */,
				88FF3B0B21EABF06001967D9 /* NewRoomViewController.swift in Sources */,
				88BE754F21EB743A003313EB /* GroupData.swift in Sources */,
				889CBFB921EBEC37005E88F6 /* DetailsViewController.swift in Sources */,
				888CD73D21EAA65F009CD49F /* MapViewController.swift in Sources */,
				888CD73921EAA65F009CD49F /* AppDelegate.swift in Sources */,
				888CD73B21EAA65F009CD49F /* SpacesViewController.swift in Sources */,
				888CD76B21EAADB8009CD49F /* SettingsViewController.swift in Sources */,
			);
			runOnlyForDeploymentPostprocessing = 0;
		};
		888CD74721EAA661009CD49F /* Sources */ = {
			isa = PBXSourcesBuildPhase;
			buildActionMask = 2147483647;
			files = (
				888CD75021EAA661009CD49F /* StudyBudsTests.swift in Sources */,
			);
			runOnlyForDeploymentPostprocessing = 0;
		};
		888CD75221EAA661009CD49F /* Sources */ = {
			isa = PBXSourcesBuildPhase;
			buildActionMask = 2147483647;
			files = (
				888CD75B21EAA661009CD49F /* StudyBudsUITests.swift in Sources */,
			);
			runOnlyForDeploymentPostprocessing = 0;
		};
/* End PBXSourcesBuildPhase section */

/* Begin PBXTargetDependency section */
		888CD74D21EAA661009CD49F /* PBXTargetDependency */ = {
			isa = PBXTargetDependency;
			target = 888CD73421EAA65F009CD49F /* StudyBuds */;
			targetProxy = 888CD74C21EAA661009CD49F /* PBXContainerItemProxy */;
		};
		888CD75821EAA661009CD49F /* PBXTargetDependency */ = {
			isa = PBXTargetDependency;
			target = 888CD73421EAA65F009CD49F /* StudyBuds */;
			targetProxy = 888CD75721EAA661009CD49F /* PBXContainerItemProxy */;
		};
/* End PBXTargetDependency section */

/* Begin PBXVariantGroup section */
		888CD73E21EAA65F009CD49F /* Main.storyboard */ = {
			isa = PBXVariantGroup;
			children = (
				888CD73F21EAA65F009CD49F /* Base */,
			);
			name = Main.storyboard;
			sourceTree = "<group>";
		};
		888CD74321EAA660009CD49F /* LaunchScreen.storyboard */ = {
			isa = PBXVariantGroup;
			children = (
				888CD74421EAA660009CD49F /* Base */,
			);
			name = LaunchScreen.storyboard;
			sourceTree = "<group>";
		};
/* End PBXVariantGroup section */

/* Begin XCBuildConfiguration section */
		888CD75D21EAA661009CD49F /* Debug */ = {
			isa = XCBuildConfiguration;
			buildSettings = {
				ALWAYS_SEARCH_USER_PATHS = NO;
				CLANG_ANALYZER_NONNULL = YES;
				CLANG_ANALYZER_NUMBER_OBJECT_CONVERSION = YES_AGGRESSIVE;
				CLANG_CXX_LANGUAGE_STANDARD = "gnu++14";
				CLANG_CXX_LIBRARY = "libc++";
				CLANG_ENABLE_MODULES = YES;
				CLANG_ENABLE_OBJC_ARC = YES;
				CLANG_ENABLE_OBJC_WEAK = YES;
				CLANG_WARN_BLOCK_CAPTURE_AUTORELEASING = YES;
				CLANG_WARN_BOOL_CONVERSION = YES;
				CLANG_WARN_COMMA = YES;
				CLANG_WARN_CONSTANT_CONVERSION = YES;
				CLANG_WARN_DEPRECATED_OBJC_IMPLEMENTATIONS = YES;
				CLANG_WARN_DIRECT_OBJC_ISA_USAGE = YES_ERROR;
				CLANG_WARN_DOCUMENTATION_COMMENTS = YES;
				CLANG_WARN_EMPTY_BODY = YES;
				CLANG_WARN_ENUM_CONVERSION = YES;
				CLANG_WARN_INFINITE_RECURSION = YES;
				CLANG_WARN_INT_CONVERSION = YES;
				CLANG_WARN_NON_LITERAL_NULL_CONVERSION = YES;
				CLANG_WARN_OBJC_IMPLICIT_RETAIN_SELF = YES;
				CLANG_WARN_OBJC_LITERAL_CONVERSION = YES;
				CLANG_WARN_OBJC_ROOT_CLASS = YES_ERROR;
				CLANG_WARN_RANGE_LOOP_ANALYSIS = YES;
				CLANG_WARN_STRICT_PROTOTYPES = YES;
				CLANG_WARN_SUSPICIOUS_MOVE = YES;
				CLANG_WARN_UNGUARDED_AVAILABILITY = YES_AGGRESSIVE;
				CLANG_WARN_UNREACHABLE_CODE = YES;
				CLANG_WARN__DUPLICATE_METHOD_MATCH = YES;
				CODE_SIGN_IDENTITY = "iPhone Developer";
				COPY_PHASE_STRIP = NO;
				DEBUG_INFORMATION_FORMAT = dwarf;
				ENABLE_STRICT_OBJC_MSGSEND = YES;
				ENABLE_TESTABILITY = YES;
				GCC_C_LANGUAGE_STANDARD = gnu11;
				GCC_DYNAMIC_NO_PIC = NO;
				GCC_NO_COMMON_BLOCKS = YES;
				GCC_OPTIMIZATION_LEVEL = 0;
				GCC_PREPROCESSOR_DEFINITIONS = (
					"DEBUG=1",
					"$(inherited)",
				);
				GCC_WARN_64_TO_32_BIT_CONVERSION = YES;
				GCC_WARN_ABOUT_RETURN_TYPE = YES_ERROR;
				GCC_WARN_UNDECLARED_SELECTOR = YES;
				GCC_WARN_UNINITIALIZED_AUTOS = YES_AGGRESSIVE;
				GCC_WARN_UNUSED_FUNCTION = YES;
				GCC_WARN_UNUSED_VARIABLE = YES;
				IPHONEOS_DEPLOYMENT_TARGET = 12.1;
				MTL_ENABLE_DEBUG_INFO = INCLUDE_SOURCE;
				MTL_FAST_MATH = YES;
				ONLY_ACTIVE_ARCH = YES;
				SDKROOT = iphoneos;
				SWIFT_ACTIVE_COMPILATION_CONDITIONS = DEBUG;
				SWIFT_OPTIMIZATION_LEVEL = "-Onone";
			};
			name = Debug;
		};
		888CD75E21EAA661009CD49F /* Release */ = {
			isa = XCBuildConfiguration;
			buildSettings = {
				ALWAYS_SEARCH_USER_PATHS = NO;
				CLANG_ANALYZER_NONNULL = YES;
				CLANG_ANALYZER_NUMBER_OBJECT_CONVERSION = YES_AGGRESSIVE;
				CLANG_CXX_LANGUAGE_STANDARD = "gnu++14";
				CLANG_CXX_LIBRARY = "libc++";
				CLANG_ENABLE_MODULES = YES;
				CLANG_ENABLE_OBJC_ARC = YES;
				CLANG_ENABLE_OBJC_WEAK = YES;
				CLANG_WARN_BLOCK_CAPTURE_AUTORELEASING = YES;
				CLANG_WARN_BOOL_CONVERSION = YES;
				CLANG_WARN_COMMA = YES;
				CLANG_WARN_CONSTANT_CONVERSION = YES;
				CLANG_WARN_DEPRECATED_OBJC_IMPLEMENTATIONS = YES;
				CLANG_WARN_DIRECT_OBJC_ISA_USAGE = YES_ERROR;
				CLANG_WARN_DOCUMENTATION_COMMENTS = YES;
				CLANG_WARN_EMPTY_BODY = YES;
				CLANG_WARN_ENUM_CONVERSION = YES;
				CLANG_WARN_INFINITE_RECURSION = YES;
				CLANG_WARN_INT_CONVERSION = YES;
				CLANG_WARN_NON_LITERAL_NULL_CONVERSION = YES;
				CLANG_WARN_OBJC_IMPLICIT_RETAIN_SELF = YES;
				CLANG_WARN_OBJC_LITERAL_CONVERSION = YES;
				CLANG_WARN_OBJC_ROOT_CLASS = YES_ERROR;
				CLANG_WARN_RANGE_LOOP_ANALYSIS = YES;
				CLANG_WARN_STRICT_PROTOTYPES = YES;
				CLANG_WARN_SUSPICIOUS_MOVE = YES;
				CLANG_WARN_UNGUARDED_AVAILABILITY = YES_AGGRESSIVE;
				CLANG_WARN_UNREACHABLE_CODE = YES;
				CLANG_WARN__DUPLICATE_METHOD_MATCH = YES;
				CODE_SIGN_IDENTITY = "iPhone Developer";
				COPY_PHASE_STRIP = NO;
				DEBUG_INFORMATION_FORMAT = "dwarf-with-dsym";
				ENABLE_NS_ASSERTIONS = NO;
				ENABLE_STRICT_OBJC_MSGSEND = YES;
				GCC_C_LANGUAGE_STANDARD = gnu11;
				GCC_NO_COMMON_BLOCKS = YES;
				GCC_WARN_64_TO_32_BIT_CONVERSION = YES;
				GCC_WARN_ABOUT_RETURN_TYPE = YES_ERROR;
				GCC_WARN_UNDECLARED_SELECTOR = YES;
				GCC_WARN_UNINITIALIZED_AUTOS = YES_AGGRESSIVE;
				GCC_WARN_UNUSED_FUNCTION = YES;
				GCC_WARN_UNUSED_VARIABLE = YES;
				IPHONEOS_DEPLOYMENT_TARGET = 12.1;
				MTL_ENABLE_DEBUG_INFO = NO;
				MTL_FAST_MATH = YES;
				SDKROOT = iphoneos;
				SWIFT_COMPILATION_MODE = wholemodule;
				SWIFT_OPTIMIZATION_LEVEL = "-O";
				VALIDATE_PRODUCT = YES;
			};
			name = Release;
		};
		888CD76021EAA661009CD49F /* Debug */ = {
			isa = XCBuildConfiguration;
			buildSettings = {
				ASSETCATALOG_COMPILER_APPICON_NAME = AppIcon;
				CODE_SIGN_STYLE = Automatic;
				DEVELOPMENT_TEAM = W9U83VRKX2;
				INFOPLIST_FILE = StudyBuds/Info.plist;
				IPHONEOS_DEPLOYMENT_TARGET = 11.3;
				LD_RUNPATH_SEARCH_PATHS = (
					"$(inherited)",
					"@executable_path/Frameworks",
				);
				PRODUCT_BUNDLE_IDENTIFIER = com.youssefm.StudyMate;
				PRODUCT_NAME = "$(TARGET_NAME)";
				SWIFT_VERSION = 4.2;
				TARGETED_DEVICE_FAMILY = "1,2";
			};
			name = Debug;
		};
		888CD76121EAA661009CD49F /* Release */ = {
			isa = XCBuildConfiguration;
			buildSettings = {
				ASSETCATALOG_COMPILER_APPICON_NAME = AppIcon;
				CODE_SIGN_STYLE = Automatic;
				DEVELOPMENT_TEAM = W9U83VRKX2;
				INFOPLIST_FILE = StudyBuds/Info.plist;
				IPHONEOS_DEPLOYMENT_TARGET = 11.3;
				LD_RUNPATH_SEARCH_PATHS = (
					"$(inherited)",
					"@executable_path/Frameworks",
				);
				PRODUCT_BUNDLE_IDENTIFIER = com.youssefm.StudyMate;
				PRODUCT_NAME = "$(TARGET_NAME)";
				SWIFT_VERSION = 4.2;
				TARGETED_DEVICE_FAMILY = "1,2";
			};
			name = Release;
		};
		888CD76321EAA661009CD49F /* Debug */ = {
			isa = XCBuildConfiguration;
			buildSettings = {
				ALWAYS_EMBED_SWIFT_STANDARD_LIBRARIES = YES;
				BUNDLE_LOADER = "$(TEST_HOST)";
				CODE_SIGN_STYLE = Automatic;
				DEVELOPMENT_TEAM = W9U83VRKX2;
				INFOPLIST_FILE = StudyBudsTests/Info.plist;
				LD_RUNPATH_SEARCH_PATHS = (
					"$(inherited)",
					"@executable_path/Frameworks",
					"@loader_path/Frameworks",
				);
				PRODUCT_BUNDLE_IDENTIFIER = com.youssefm.StudyBudsTests;
				PRODUCT_NAME = "$(TARGET_NAME)";
				SWIFT_VERSION = 4.2;
				TARGETED_DEVICE_FAMILY = "1,2";
				TEST_HOST = "$(BUILT_PRODUCTS_DIR)/StudyBuds.app/StudyBuds";
			};
			name = Debug;
		};
		888CD76421EAA661009CD49F /* Release */ = {
			isa = XCBuildConfiguration;
			buildSettings = {
				ALWAYS_EMBED_SWIFT_STANDARD_LIBRARIES = YES;
				BUNDLE_LOADER = "$(TEST_HOST)";
				CODE_SIGN_STYLE = Automatic;
				DEVELOPMENT_TEAM = W9U83VRKX2;
				INFOPLIST_FILE = StudyBudsTests/Info.plist;
				LD_RUNPATH_SEARCH_PATHS = (
					"$(inherited)",
					"@executable_path/Frameworks",
					"@loader_path/Frameworks",
				);
				PRODUCT_BUNDLE_IDENTIFIER = com.youssefm.StudyBudsTests;
				PRODUCT_NAME = "$(TARGET_NAME)";
				SWIFT_VERSION = 4.2;
				TARGETED_DEVICE_FAMILY = "1,2";
				TEST_HOST = "$(BUILT_PRODUCTS_DIR)/StudyBuds.app/StudyBuds";
			};
			name = Release;
		};
		888CD76621EAA661009CD49F /* Debug */ = {
			isa = XCBuildConfiguration;
			buildSettings = {
				ALWAYS_EMBED_SWIFT_STANDARD_LIBRARIES = YES;
				CODE_SIGN_STYLE = Automatic;
				DEVELOPMENT_TEAM = W9U83VRKX2;
				INFOPLIST_FILE = StudyBudsUITests/Info.plist;
				LD_RUNPATH_SEARCH_PATHS = (
					"$(inherited)",
					"@executable_path/Frameworks",
					"@loader_path/Frameworks",
				);
				PRODUCT_BUNDLE_IDENTIFIER = com.youssefm.StudyBudsUITests;
				PRODUCT_NAME = "$(TARGET_NAME)";
				SWIFT_VERSION = 4.2;
				TARGETED_DEVICE_FAMILY = "1,2";
				TEST_TARGET_NAME = StudyBuds;
			};
			name = Debug;
		};
		888CD76721EAA661009CD49F /* Release */ = {
			isa = XCBuildConfiguration;
			buildSettings = {
				ALWAYS_EMBED_SWIFT_STANDARD_LIBRARIES = YES;
				CODE_SIGN_STYLE = Automatic;
				DEVELOPMENT_TEAM = W9U83VRKX2;
				INFOPLIST_FILE = StudyBudsUITests/Info.plist;
				LD_RUNPATH_SEARCH_PATHS = (
					"$(inherited)",
					"@executable_path/Frameworks",
					"@loader_path/Frameworks",
				);
				PRODUCT_BUNDLE_IDENTIFIER = com.youssefm.StudyBudsUITests;
				PRODUCT_NAME = "$(TARGET_NAME)";
				SWIFT_VERSION = 4.2;
				TARGETED_DEVICE_FAMILY = "1,2";
				TEST_TARGET_NAME = StudyBuds;
			};
			name = Release;
		};
/* End XCBuildConfiguration section */

/* Begin XCConfigurationList section */
		888CD73021EAA65F009CD49F /* Build configuration list for PBXProject "StudyBuds" */ = {
			isa = XCConfigurationList;
			buildConfigurations = (
				888CD75D21EAA661009CD49F /* Debug */,
				888CD75E21EAA661009CD49F /* Release */,
			);
			defaultConfigurationIsVisible = 0;
			defaultConfigurationName = Release;
		};
		888CD75F21EAA661009CD49F /* Build configuration list for PBXNativeTarget "StudyBuds" */ = {
			isa = XCConfigurationList;
			buildConfigurations = (
				888CD76021EAA661009CD49F /* Debug */,
				888CD76121EAA661009CD49F /* Release */,
			);
			defaultConfigurationIsVisible = 0;
			defaultConfigurationName = Release;
		};
		888CD76221EAA661009CD49F /* Build configuration list for PBXNativeTarget "StudyBudsTests" */ = {
			isa = XCConfigurationList;
			buildConfigurations = (
				888CD76321EAA661009CD49F /* Debug */,
				888CD76421EAA661009CD49F /* Release */,
			);
			defaultConfigurationIsVisible = 0;
			defaultConfigurationName = Release;
		};
		888CD76521EAA661009CD49F /* Build configuration list for PBXNativeTarget "StudyBudsUITests" */ = {
			isa = XCConfigurationList;
			buildConfigurations = (
				888CD76621EAA661009CD49F /* Debug */,
				888CD76721EAA661009CD49F /* Release */,
			);
			defaultConfigurationIsVisible = 0;
			defaultConfigurationName = Release;
		};
/* End XCConfigurationList section */
	};
	rootObject = 888CD72D21EAA65F009CD49F /* Project object */;
}
